
Microsoft Visual Studio Solution File, Format Version 12.00
# Visual Studio Version 17
VisualStudioVersion = 17.4.33213.308
MinimumVisualStudioVersion = 10.0.40219.1
Project("{9A19103F-16F7-4668-BE54-9A1E7A4F7556}") = "Method", "Method\Method.csproj", "{F5691115-E97E-4A94-8B42-EB8F33647FF9}"
EndProject
Project("{9A19103F-16F7-4668-BE54-9A1E7A4F7556}") = "MethodParameters", "MethodParameters\MethodParameters.csproj", "{5F9BB85C-E2AA-464C-927A-57FC263A727B}"
EndProject
Project("{9A19103F-16F7-4668-BE54-9A1E7A4F7556}") = "NameSpaces", "NameSpaces\NameSpaces.csproj", "{C1EE8AF9-83B3-476A-8D80-2A314501B227}"
EndProject
Project("{9A19103F-16F7-4668-BE54-9A1E7A4F7556}") = "IntroductionToClasses", "IntroductionToClasses\IntroductionToClasses.csproj", "{4E8C28F1-1E30-47B1-8DC1-05614187AF01}"
EndProject
Project("{9A19103F-16F7-4668-BE54-9A1E7A4F7556}") = "StaticAnd_InstaceClasses", "StaticAnd_InstaceClasses\StaticAnd_InstaceClasses.csproj", "{19A8EEC6-EBCD-41B7-869F-768657B782CB}"
EndProject
Project("{9A19103F-16F7-4668-BE54-9A1E7A4F7556}") = "Inheritence", "Inheritence\Inheritence.csproj", "{FE8F753C-21FB-471A-B257-834F65CA2477}"
EndProject
Project("{9A19103F-16F7-4668-BE54-9A1E7A4F7556}") = "MethodHidings", "MethodHidings\MethodHidings.csproj", "{2CD802E7-07A2-4EF6-941E-C81AAA24A6AF}"
EndProject
Project("{FAE04EC0-301F-11D3-BF4B-00C04F79EFBC}") = "Polymorphism", "Polymorphism\Polymorphism.csproj", "{29118DF8-37F0-4199-A8C4-AC8C3E6CE0D2}"
EndProject
Project("{FAE04EC0-301F-11D3-BF4B-00C04F79EFBC}") = "MethodOverloading", "MethodOverloading\MethodOverloading.csproj", "{D29E480B-4E77-4D4D-A157-FE99223C5A48}"
EndProject
Global
	GlobalSection(SolutionConfigurationPlatforms) = preSolution
		Debug|Any CPU = Debug|Any CPU
		Release|Any CPU = Release|Any CPU
	EndGlobalSection
	GlobalSection(ProjectConfigurationPlatforms) = postSolution
		{F5691115-E97E-4A94-8B42-EB8F33647FF9}.Debug|Any CPU.ActiveCfg = Debug|Any CPU
		{F5691115-E97E-4A94-8B42-EB8F33647FF9}.Debug|Any CPU.Build.0 = Debug|Any CPU
		{F5691115-E97E-4A94-8B42-EB8F33647FF9}.Release|Any CPU.ActiveCfg = Release|Any CPU
		{F5691115-E97E-4A94-8B42-EB8F33647FF9}.Release|Any CPU.Build.0 = Release|Any CPU
		{5F9BB85C-E2AA-464C-927A-57FC263A727B}.Debug|Any CPU.ActiveCfg = Debug|Any CPU
		{5F9BB85C-E2AA-464C-927A-57FC263A727B}.Debug|Any CPU.Build.0 = Debug|Any CPU
		{5F9BB85C-E2AA-464C-927A-57FC263A727B}.Release|Any CPU.ActiveCfg = Release|Any CPU
		{5F9BB85C-E2AA-464C-927A-57FC263A727B}.Release|Any CPU.Build.0 = Release|Any CPU
		{C1EE8AF9-83B3-476A-8D80-2A314501B227}.Debug|Any CPU.ActiveCfg = Debug|Any CPU
		{C1EE8AF9-83B3-476A-8D80-2A314501B227}.Debug|Any CPU.Build.0 = Debug|Any CPU
		{C1EE8AF9-83B3-476A-8D80-2A314501B227}.Release|Any CPU.ActiveCfg = Release|Any CPU
		{C1EE8AF9-83B3-476A-8D80-2A314501B227}.Release|Any CPU.Build.0 = Release|Any CPU
		{4E8C28F1-1E30-47B1-8DC1-05614187AF01}.Debug|Any CPU.ActiveCfg = Debug|Any CPU
		{4E8C28F1-1E30-47B1-8DC1-05614187AF01}.Debug|Any CPU.Build.0 = Debug|Any CPU
		{4E8C28F1-1E30-47B1-8DC1-05614187AF01}.Release|Any CPU.ActiveCfg = Release|Any CPU
		{4E8C28F1-1E30-47B1-8DC1-05614187AF01}.Release|Any CPU.Build.0 = Release|Any CPU
		{19A8EEC6-EBCD-41B7-869F-768657B782CB}.Debug|Any CPU.ActiveCfg = Debug|Any CPU
		{19A8EEC6-EBCD-41B7-869F-768657B782CB}.Debug|Any CPU.Build.0 = Debug|Any CPU
		{19A8EEC6-EBCD-41B7-869F-768657B782CB}.Release|Any CPU.ActiveCfg = Release|Any CPU
		{19A8EEC6-EBCD-41B7-869F-768657B782CB}.Release|Any CPU.Build.0 = Release|Any CPU
		{FE8F753C-21FB-471A-B257-834F65CA2477}.Debug|Any CPU.ActiveCfg = Debug|Any CPU
		{FE8F753C-21FB-471A-B257-834F65CA2477}.Debug|Any CPU.Build.0 = Debug|Any CPU
		{FE8F753C-21FB-471A-B257-834F65CA2477}.Release|Any CPU.ActiveCfg = Release|Any CPU
		{FE8F753C-21FB-471A-B257-834F65CA2477}.Release|Any CPU.Build.0 = Release|Any CPU
		{2CD802E7-07A2-4EF6-941E-C81AAA24A6AF}.Debug|Any CPU.ActiveCfg = Debug|Any CPU
		{2CD802E7-07A2-4EF6-941E-C81AAA24A6AF}.Debug|Any CPU.Build.0 = Debug|Any CPU
		{2CD802E7-07A2-4EF6-941E-C81AAA24A6AF}.Release|Any CPU.ActiveCfg = Release|Any CPU
		{2CD802E7-07A2-4EF6-941E-C81AAA24A6AF}.Release|Any CPU.Build.0 = Release|Any CPU
		{29118DF8-37F0-4199-A8C4-AC8C3E6CE0D2}.Debug|Any CPU.ActiveCfg = Debug|Any CPU
		{29118DF8-37F0-4199-A8C4-AC8C3E6CE0D2}.Debug|Any CPU.Build.0 = Debug|Any CPU
		{29118DF8-37F0-4199-A8C4-AC8C3E6CE0D2}.Release|Any CPU.ActiveCfg = Release|Any CPU
		{29118DF8-37F0-4199-A8C4-AC8C3E6CE0D2}.Release|Any CPU.Build.0 = Release|Any CPU
		{D29E480B-4E77-4D4D-A157-FE99223C5A48}.Debug|Any CPU.ActiveCfg = Debug|Any CPU
		{D29E480B-4E77-4D4D-A157-FE99223C5A48}.Debug|Any CPU.Build.0 = Debug|Any CPU
		{D29E480B-4E77-4D4D-A157-FE99223C5A48}.Release|Any CPU.ActiveCfg = Release|Any CPU
		{D29E480B-4E77-4D4D-A157-FE99223C5A48}.Release|Any CPU.Build.0 = Release|Any CPU
	EndGlobalSection
	GlobalSection(SolutionProperties) = preSolution
		HideSolutionNode = FALSE
	EndGlobalSection
	GlobalSection(ExtensibilityGlobals) = postSolution
		SolutionGuid = {F0E3ED28-F1F0-4784-A94B-C369480C6B20}
	EndGlobalSection
EndGlobal
