
Microsoft Visual Studio Solution File, Format Version 12.00
# Visual Studio Version 17
VisualStudioVersion = 17.4.33213.308
MinimumVisualStudioVersion = 10.0.40219.1
Project("{9A19103F-16F7-4668-BE54-9A1E7A4F7556}") = "Method", "Method\Method.csproj", "{F5691115-E97E-4A94-8B42-EB8F33647FF9}"
EndProject
Project("{9A19103F-16F7-4668-BE54-9A1E7A4F7556}") = "MethodParameters", "MethodParameters\MethodParameters.csproj", "{5F9BB85C-E2AA-464C-927A-57FC263A727B}"
EndProject
Project("{9A19103F-16F7-4668-BE54-9A1E7A4F7556}") = "NameSpaces", "NameSpaces\NameSpaces.csproj", "{C1EE8AF9-83B3-476A-8D80-2A314501B227}"
EndProject
Project("{9A19103F-16F7-4668-BE54-9A1E7A4F7556}") = "IntroductionToClasses", "IntroductionToClasses\IntroductionToClasses.csproj", "{4E8C28F1-1E30-47B1-8DC1-05614187AF01}"
EndProject
Project("{9A19103F-16F7-4668-BE54-9A1E7A4F7556}") = "StaticAnd_InstaceClasses", "StaticAnd_InstaceClasses\StaticAnd_InstaceClasses.csproj", "{19A8EEC6-EBCD-41B7-869F-768657B782CB}"
EndProject
Project("{9A19103F-16F7-4668-BE54-9A1E7A4F7556}") = "Inheritence", "Inheritence\Inheritence.csproj", "{FE8F753C-21FB-471A-B257-834F65CA2477}"
EndProject
Project("{9A19103F-16F7-4668-BE54-9A1E7A4F7556}") = "MethodHidings", "MethodHidings\MethodHidings.csproj", "{2CD802E7-07A2-4EF6-941E-C81AAA24A6AF}"
EndProject
Project("{9A19103F-16F7-4668-BE54-9A1E7A4F7556}") = "Polymorphism", "Polymorphism\Polymorphism.csproj", "{29118DF8-37F0-4199-A8C4-AC8C3E6CE0D2}"
EndProject
Project("{9A19103F-16F7-4668-BE54-9A1E7A4F7556}") = "MethodOverloading", "MethodOverloading\MethodOverloading.csproj", "{D29E480B-4E77-4D4D-A157-FE99223C5A48}"
EndProject
Project("{9A19103F-16F7-4668-BE54-9A1E7A4F7556}") = "InterfaceExample", "InterfaceExample\InterfaceExample.csproj", "{DE80D206-8670-481A-9C6D-79279D31F497}"
EndProject
Project("{9A19103F-16F7-4668-BE54-9A1E7A4F7556}") = "Properties", "Properties\Properties.csproj", "{2A63994A-F6B7-48DA-9FA8-4EAF0B63DBBD}"
EndProject
Project("{9A19103F-16F7-4668-BE54-9A1E7A4F7556}") = "Structures", "Structures\Structures.csproj", "{4CC91592-D53B-4B28-BD17-F5E1399ACA9D}"
EndProject
Project("{9A19103F-16F7-4668-BE54-9A1E7A4F7556}") = "Enums", "Enums\Enums.csproj", "{98E946CA-DAF7-4451-BE63-19D6D01BAD21}"
EndProject
Project("{9A19103F-16F7-4668-BE54-9A1E7A4F7556}") = "StringBuilders", "StringBuilders\StringBuilders.csproj", "{B6397F97-F57B-49DD-930D-3F32C216C88C}"
EndProject
Project("{9A19103F-16F7-4668-BE54-9A1E7A4F7556}") = "ParameterModifiers", "ParameterModifiers\ParameterModifiers.csproj", "{E9B3CAC1-9895-460F-8145-5892E30AC66D}"
EndProject
Project("{9A19103F-16F7-4668-BE54-9A1E7A4F7556}") = "Tuples", "Tuples\Tuples.csproj", "{958ECCC1-8CB2-405C-B57D-8D46FC9CC980}"
EndProject
Project("{9A19103F-16F7-4668-BE54-9A1E7A4F7556}") = "Anonymuss", "Anonymuss\Anonymuss.csproj", "{1DCC34A9-A9D6-4339-9B5F-3ED0C61A7209}"
EndProject
Project("{9A19103F-16F7-4668-BE54-9A1E7A4F7556}") = "GenericExample", "GenericExample\GenericExample.csproj", "{CEC14F2E-A1EB-4F3C-93B6-3815EB99C087}"
EndProject
Project("{9A19103F-16F7-4668-BE54-9A1E7A4F7556}") = "CollectionExamples", "CollectionExamples\CollectionExamples.csproj", "{4BDB5CDE-2EC6-48D1-BF00-F29D226ADB03}"
EndProject
Project("{9A19103F-16F7-4668-BE54-9A1E7A4F7556}") = "AdoDottNett", "AdoDottNett\AdoDottNett.csproj", "{F65B6BB5-E623-4619-BC37-9EAAC2AB9C0C}"
EndProject
Project("{9A19103F-16F7-4668-BE54-9A1E7A4F7556}") = "AbstractClass", "AbstractClass\AbstractClass.csproj", "{88193F86-BBBD-44CB-9BA5-F4CDBBD602BA}"
EndProject
Project("{9A19103F-16F7-4668-BE54-9A1E7A4F7556}") = "Delegates", "Delegates\Delegates.csproj", "{594DA5FF-C869-4FF9-B310-83175A67D31F}"
EndProject
Project("{9A19103F-16F7-4668-BE54-9A1E7A4F7556}") = "MultiCastDelegate", "MultiCastDelegate\MultiCastDelegate.csproj", "{4B3DAD76-DC9C-4E09-8D10-FFE175E58B15}"
EndProject
Project("{9A19103F-16F7-4668-BE54-9A1E7A4F7556}") = "ExceptionHandling", "ExceptionHandling\ExceptionHandling.csproj", "{7246FC7F-EA27-4F8A-828D-86CE766D7337}"
EndProject
Project("{9A19103F-16F7-4668-BE54-9A1E7A4F7556}") = "EntityFrameworkExamples", "EntityFrameworkExamples\EntityFrameworkExamples.csproj", "{B6111824-3BB9-477B-AE7D-64AB2992649A}"
EndProject
Project("{FAE04EC0-301F-11D3-BF4B-00C04F79EFBC}") = "ConvertNumbersToInword", "ConvertNumbersToInword\ConvertNumbersToInword.csproj", "{21C602FE-C7FB-4563-BC9E-EB50037D634E}"
EndProject
Global
	GlobalSection(SolutionConfigurationPlatforms) = preSolution
		Debug|Any CPU = Debug|Any CPU
		Release|Any CPU = Release|Any CPU
	EndGlobalSection
	GlobalSection(ProjectConfigurationPlatforms) = postSolution
		{F5691115-E97E-4A94-8B42-EB8F33647FF9}.Debug|Any CPU.ActiveCfg = Debug|Any CPU
		{F5691115-E97E-4A94-8B42-EB8F33647FF9}.Debug|Any CPU.Build.0 = Debug|Any CPU
		{F5691115-E97E-4A94-8B42-EB8F33647FF9}.Release|Any CPU.ActiveCfg = Release|Any CPU
		{F5691115-E97E-4A94-8B42-EB8F33647FF9}.Release|Any CPU.Build.0 = Release|Any CPU
		{5F9BB85C-E2AA-464C-927A-57FC263A727B}.Debug|Any CPU.ActiveCfg = Debug|Any CPU
		{5F9BB85C-E2AA-464C-927A-57FC263A727B}.Debug|Any CPU.Build.0 = Debug|Any CPU
		{5F9BB85C-E2AA-464C-927A-57FC263A727B}.Release|Any CPU.ActiveCfg = Release|Any CPU
		{5F9BB85C-E2AA-464C-927A-57FC263A727B}.Release|Any CPU.Build.0 = Release|Any CPU
		{C1EE8AF9-83B3-476A-8D80-2A314501B227}.Debug|Any CPU.ActiveCfg = Debug|Any CPU
		{C1EE8AF9-83B3-476A-8D80-2A314501B227}.Debug|Any CPU.Build.0 = Debug|Any CPU
		{C1EE8AF9-83B3-476A-8D80-2A314501B227}.Release|Any CPU.ActiveCfg = Release|Any CPU
		{C1EE8AF9-83B3-476A-8D80-2A314501B227}.Release|Any CPU.Build.0 = Release|Any CPU
		{4E8C28F1-1E30-47B1-8DC1-05614187AF01}.Debug|Any CPU.ActiveCfg = Debug|Any CPU
		{4E8C28F1-1E30-47B1-8DC1-05614187AF01}.Debug|Any CPU.Build.0 = Debug|Any CPU
		{4E8C28F1-1E30-47B1-8DC1-05614187AF01}.Release|Any CPU.ActiveCfg = Release|Any CPU
		{4E8C28F1-1E30-47B1-8DC1-05614187AF01}.Release|Any CPU.Build.0 = Release|Any CPU
		{19A8EEC6-EBCD-41B7-869F-768657B782CB}.Debug|Any CPU.ActiveCfg = Debug|Any CPU
		{19A8EEC6-EBCD-41B7-869F-768657B782CB}.Debug|Any CPU.Build.0 = Debug|Any CPU
		{19A8EEC6-EBCD-41B7-869F-768657B782CB}.Release|Any CPU.ActiveCfg = Release|Any CPU
		{19A8EEC6-EBCD-41B7-869F-768657B782CB}.Release|Any CPU.Build.0 = Release|Any CPU
		{FE8F753C-21FB-471A-B257-834F65CA2477}.Debug|Any CPU.ActiveCfg = Debug|Any CPU
		{FE8F753C-21FB-471A-B257-834F65CA2477}.Debug|Any CPU.Build.0 = Debug|Any CPU
		{FE8F753C-21FB-471A-B257-834F65CA2477}.Release|Any CPU.ActiveCfg = Release|Any CPU
		{FE8F753C-21FB-471A-B257-834F65CA2477}.Release|Any CPU.Build.0 = Release|Any CPU
		{2CD802E7-07A2-4EF6-941E-C81AAA24A6AF}.Debug|Any CPU.ActiveCfg = Debug|Any CPU
		{2CD802E7-07A2-4EF6-941E-C81AAA24A6AF}.Debug|Any CPU.Build.0 = Debug|Any CPU
		{2CD802E7-07A2-4EF6-941E-C81AAA24A6AF}.Release|Any CPU.ActiveCfg = Release|Any CPU
		{2CD802E7-07A2-4EF6-941E-C81AAA24A6AF}.Release|Any CPU.Build.0 = Release|Any CPU
		{29118DF8-37F0-4199-A8C4-AC8C3E6CE0D2}.Debug|Any CPU.ActiveCfg = Debug|Any CPU
		{29118DF8-37F0-4199-A8C4-AC8C3E6CE0D2}.Debug|Any CPU.Build.0 = Debug|Any CPU
		{29118DF8-37F0-4199-A8C4-AC8C3E6CE0D2}.Release|Any CPU.ActiveCfg = Release|Any CPU
		{29118DF8-37F0-4199-A8C4-AC8C3E6CE0D2}.Release|Any CPU.Build.0 = Release|Any CPU
		{D29E480B-4E77-4D4D-A157-FE99223C5A48}.Debug|Any CPU.ActiveCfg = Debug|Any CPU
		{D29E480B-4E77-4D4D-A157-FE99223C5A48}.Debug|Any CPU.Build.0 = Debug|Any CPU
		{D29E480B-4E77-4D4D-A157-FE99223C5A48}.Release|Any CPU.ActiveCfg = Release|Any CPU
		{D29E480B-4E77-4D4D-A157-FE99223C5A48}.Release|Any CPU.Build.0 = Release|Any CPU
		{DE80D206-8670-481A-9C6D-79279D31F497}.Debug|Any CPU.ActiveCfg = Debug|Any CPU
		{DE80D206-8670-481A-9C6D-79279D31F497}.Debug|Any CPU.Build.0 = Debug|Any CPU
		{DE80D206-8670-481A-9C6D-79279D31F497}.Release|Any CPU.ActiveCfg = Release|Any CPU
		{DE80D206-8670-481A-9C6D-79279D31F497}.Release|Any CPU.Build.0 = Release|Any CPU
		{2A63994A-F6B7-48DA-9FA8-4EAF0B63DBBD}.Debug|Any CPU.ActiveCfg = Debug|Any CPU
		{2A63994A-F6B7-48DA-9FA8-4EAF0B63DBBD}.Debug|Any CPU.Build.0 = Debug|Any CPU
		{2A63994A-F6B7-48DA-9FA8-4EAF0B63DBBD}.Release|Any CPU.ActiveCfg = Release|Any CPU
		{2A63994A-F6B7-48DA-9FA8-4EAF0B63DBBD}.Release|Any CPU.Build.0 = Release|Any CPU
		{4CC91592-D53B-4B28-BD17-F5E1399ACA9D}.Debug|Any CPU.ActiveCfg = Debug|Any CPU
		{4CC91592-D53B-4B28-BD17-F5E1399ACA9D}.Debug|Any CPU.Build.0 = Debug|Any CPU
		{4CC91592-D53B-4B28-BD17-F5E1399ACA9D}.Release|Any CPU.ActiveCfg = Release|Any CPU
		{4CC91592-D53B-4B28-BD17-F5E1399ACA9D}.Release|Any CPU.Build.0 = Release|Any CPU
		{98E946CA-DAF7-4451-BE63-19D6D01BAD21}.Debug|Any CPU.ActiveCfg = Debug|Any CPU
		{98E946CA-DAF7-4451-BE63-19D6D01BAD21}.Debug|Any CPU.Build.0 = Debug|Any CPU
		{98E946CA-DAF7-4451-BE63-19D6D01BAD21}.Release|Any CPU.ActiveCfg = Release|Any CPU
		{98E946CA-DAF7-4451-BE63-19D6D01BAD21}.Release|Any CPU.Build.0 = Release|Any CPU
		{B6397F97-F57B-49DD-930D-3F32C216C88C}.Debug|Any CPU.ActiveCfg = Debug|Any CPU
		{B6397F97-F57B-49DD-930D-3F32C216C88C}.Debug|Any CPU.Build.0 = Debug|Any CPU
		{B6397F97-F57B-49DD-930D-3F32C216C88C}.Release|Any CPU.ActiveCfg = Release|Any CPU
		{B6397F97-F57B-49DD-930D-3F32C216C88C}.Release|Any CPU.Build.0 = Release|Any CPU
		{E9B3CAC1-9895-460F-8145-5892E30AC66D}.Debug|Any CPU.ActiveCfg = Debug|Any CPU
		{E9B3CAC1-9895-460F-8145-5892E30AC66D}.Debug|Any CPU.Build.0 = Debug|Any CPU
		{E9B3CAC1-9895-460F-8145-5892E30AC66D}.Release|Any CPU.ActiveCfg = Release|Any CPU
		{E9B3CAC1-9895-460F-8145-5892E30AC66D}.Release|Any CPU.Build.0 = Release|Any CPU
		{958ECCC1-8CB2-405C-B57D-8D46FC9CC980}.Debug|Any CPU.ActiveCfg = Debug|Any CPU
		{958ECCC1-8CB2-405C-B57D-8D46FC9CC980}.Debug|Any CPU.Build.0 = Debug|Any CPU
		{958ECCC1-8CB2-405C-B57D-8D46FC9CC980}.Release|Any CPU.ActiveCfg = Release|Any CPU
		{958ECCC1-8CB2-405C-B57D-8D46FC9CC980}.Release|Any CPU.Build.0 = Release|Any CPU
		{1DCC34A9-A9D6-4339-9B5F-3ED0C61A7209}.Debug|Any CPU.ActiveCfg = Debug|Any CPU
		{1DCC34A9-A9D6-4339-9B5F-3ED0C61A7209}.Debug|Any CPU.Build.0 = Debug|Any CPU
		{1DCC34A9-A9D6-4339-9B5F-3ED0C61A7209}.Release|Any CPU.ActiveCfg = Release|Any CPU
		{1DCC34A9-A9D6-4339-9B5F-3ED0C61A7209}.Release|Any CPU.Build.0 = Release|Any CPU
		{CEC14F2E-A1EB-4F3C-93B6-3815EB99C087}.Debug|Any CPU.ActiveCfg = Debug|Any CPU
		{CEC14F2E-A1EB-4F3C-93B6-3815EB99C087}.Debug|Any CPU.Build.0 = Debug|Any CPU
		{CEC14F2E-A1EB-4F3C-93B6-3815EB99C087}.Release|Any CPU.ActiveCfg = Release|Any CPU
		{CEC14F2E-A1EB-4F3C-93B6-3815EB99C087}.Release|Any CPU.Build.0 = Release|Any CPU
		{4BDB5CDE-2EC6-48D1-BF00-F29D226ADB03}.Debug|Any CPU.ActiveCfg = Debug|Any CPU
		{4BDB5CDE-2EC6-48D1-BF00-F29D226ADB03}.Debug|Any CPU.Build.0 = Debug|Any CPU
		{4BDB5CDE-2EC6-48D1-BF00-F29D226ADB03}.Release|Any CPU.ActiveCfg = Release|Any CPU
		{4BDB5CDE-2EC6-48D1-BF00-F29D226ADB03}.Release|Any CPU.Build.0 = Release|Any CPU
		{F65B6BB5-E623-4619-BC37-9EAAC2AB9C0C}.Debug|Any CPU.ActiveCfg = Debug|Any CPU
		{F65B6BB5-E623-4619-BC37-9EAAC2AB9C0C}.Debug|Any CPU.Build.0 = Debug|Any CPU
		{F65B6BB5-E623-4619-BC37-9EAAC2AB9C0C}.Release|Any CPU.ActiveCfg = Release|Any CPU
		{F65B6BB5-E623-4619-BC37-9EAAC2AB9C0C}.Release|Any CPU.Build.0 = Release|Any CPU
		{88193F86-BBBD-44CB-9BA5-F4CDBBD602BA}.Debug|Any CPU.ActiveCfg = Debug|Any CPU
		{88193F86-BBBD-44CB-9BA5-F4CDBBD602BA}.Debug|Any CPU.Build.0 = Debug|Any CPU
		{88193F86-BBBD-44CB-9BA5-F4CDBBD602BA}.Release|Any CPU.ActiveCfg = Release|Any CPU
		{88193F86-BBBD-44CB-9BA5-F4CDBBD602BA}.Release|Any CPU.Build.0 = Release|Any CPU
		{594DA5FF-C869-4FF9-B310-83175A67D31F}.Debug|Any CPU.ActiveCfg = Debug|Any CPU
		{594DA5FF-C869-4FF9-B310-83175A67D31F}.Debug|Any CPU.Build.0 = Debug|Any CPU
		{594DA5FF-C869-4FF9-B310-83175A67D31F}.Release|Any CPU.ActiveCfg = Release|Any CPU
		{594DA5FF-C869-4FF9-B310-83175A67D31F}.Release|Any CPU.Build.0 = Release|Any CPU
		{4B3DAD76-DC9C-4E09-8D10-FFE175E58B15}.Debug|Any CPU.ActiveCfg = Debug|Any CPU
		{4B3DAD76-DC9C-4E09-8D10-FFE175E58B15}.Debug|Any CPU.Build.0 = Debug|Any CPU
		{4B3DAD76-DC9C-4E09-8D10-FFE175E58B15}.Release|Any CPU.ActiveCfg = Release|Any CPU
		{4B3DAD76-DC9C-4E09-8D10-FFE175E58B15}.Release|Any CPU.Build.0 = Release|Any CPU
		{7246FC7F-EA27-4F8A-828D-86CE766D7337}.Debug|Any CPU.ActiveCfg = Debug|Any CPU
		{7246FC7F-EA27-4F8A-828D-86CE766D7337}.Debug|Any CPU.Build.0 = Debug|Any CPU
		{7246FC7F-EA27-4F8A-828D-86CE766D7337}.Release|Any CPU.ActiveCfg = Release|Any CPU
		{7246FC7F-EA27-4F8A-828D-86CE766D7337}.Release|Any CPU.Build.0 = Release|Any CPU
		{B6111824-3BB9-477B-AE7D-64AB2992649A}.Debug|Any CPU.ActiveCfg = Debug|Any CPU
		{B6111824-3BB9-477B-AE7D-64AB2992649A}.Debug|Any CPU.Build.0 = Debug|Any CPU
		{B6111824-3BB9-477B-AE7D-64AB2992649A}.Release|Any CPU.ActiveCfg = Release|Any CPU
		{B6111824-3BB9-477B-AE7D-64AB2992649A}.Release|Any CPU.Build.0 = Release|Any CPU
		{21C602FE-C7FB-4563-BC9E-EB50037D634E}.Debug|Any CPU.ActiveCfg = Debug|Any CPU
		{21C602FE-C7FB-4563-BC9E-EB50037D634E}.Debug|Any CPU.Build.0 = Debug|Any CPU
		{21C602FE-C7FB-4563-BC9E-EB50037D634E}.Release|Any CPU.ActiveCfg = Release|Any CPU
		{21C602FE-C7FB-4563-BC9E-EB50037D634E}.Release|Any CPU.Build.0 = Release|Any CPU
	EndGlobalSection
	GlobalSection(SolutionProperties) = preSolution
		HideSolutionNode = FALSE
	EndGlobalSection
	GlobalSection(ExtensibilityGlobals) = postSolution
		SolutionGuid = {F0E3ED28-F1F0-4784-A94B-C369480C6B20}
	EndGlobalSection
EndGlobal
